# This file is generated by running "yarn install" inside your project.
# Manual changes might be lost - proceed with caution!

__metadata:
  version: 6

"@momentum-design/tokens@workspace:packages/@momentum-design/tokens":
  version: 0.0.0-use.local
  resolution: "@momentum-design/tokens@workspace:packages/@momentum-design/tokens"
  languageName: unknown
  linkType: soft

"momentum-design@workspace:.":
  version: 0.0.0-use.local
  resolution: "momentum-design@workspace:."
  languageName: unknown
  linkType: soft
